{
  "name": "gitlearning",
  "version": "1.0.0",
  "lockfileVersion": 2,
  "requires": true,
  "packages": {
    "": {
      "name": "gitlearning",
      "version": "1.0.0",
      "license": "MIT",
      "dependencies": {
        "@xenolito/console-signature": "^1.9.8"
      }
    },
    "node_modules/@xenolito/console-signature": {
      "version": "1.9.8",
      "resolved": "https://registry.npmjs.org/@xenolito/console-signature/-/console-signature-1.9.8.tgz",
      "integrity": "sha512-aRyw6tOboF6plyiR2+Y/QXk2OuXAbZHyAt1ZShkkZEukFlPSGdPm7SLuH41rHFw3TrZcRQfsDZBB6Ii+KPY8ow=="
    }
  },
  "dependencies": {
    "@xenolito/console-signature": {
      "version": "1.9.8",
      "resolved": "https://registry.npmjs.org/@xenolito/console-signature/-/console-signature-1.9.8.tgz",
      "integrity": "sha512-aRyw6tOboF6plyiR2+Y/QXk2OuXAbZHyAt1ZShkkZEukFlPSGdPm7SLuH41rHFw3TrZcRQfsDZBB6Ii+KPY8ow=="
    }
  }
}
