{
  "name": "gitlearning",
  "version": "1.0.0",
  "lockfileVersion": 2,
  "requires": true,
  "packages": {
    "": {
      "name": "gitlearning",
      "version": "1.0.0",
      "license": "MIT",
      "dependencies": {
        "console-signature": "^1.5.0"
      }
    },
    "node_modules/console-signature": {
      "version": "1.5.0",
      "resolved": "https://registry.npmjs.org/console-signature/-/console-signature-1.5.0.tgz",
      "integrity": "sha512-RsfRT98mjmYPu2XCG6FzoWbA0kQVRv15HcMQiAeOD4qgGffLkjEMz9x9akhVTb+uHnLU+0Pgb4Grb5UR3sj1ag=="
    }
  },
  "dependencies": {
    "console-signature": {
      "version": "1.5.0",
      "resolved": "https://registry.npmjs.org/console-signature/-/console-signature-1.5.0.tgz",
      "integrity": "sha512-RsfRT98mjmYPu2XCG6FzoWbA0kQVRv15HcMQiAeOD4qgGffLkjEMz9x9akhVTb+uHnLU+0Pgb4Grb5UR3sj1ag=="
    }
  }
}
